
Microsoft Visual Studio Solution File, Format Version 12.00
# Visual Studio Version 17
VisualStudioVersion = 17.4.33213.308
MinimumVisualStudioVersion = 10.0.40219.1
Project("{FAE04EC0-301F-11D3-BF4B-00C04F79EFBC}") = "NETUiHentaiXamarin.UWP", "NETUiHentaiXamarin\NETUiHentaiXamarin.UWP\NETUiHentaiXamarin.UWP.csproj", "{BAF805C2-C77F-4C09-B262-BF35C2DAA257}"
EndProject
Project("{FAE04EC0-301F-11D3-BF4B-00C04F79EFBC}") = "NETUiHentaiXamarin.Android", "NETUiHentaiXamarin\NETUiHentaiXamarin.Android\NETUiHentaiXamarin.Android.csproj", "{E94B91D6-2F97-4595-A093-4C7EA56B974F}"
EndProject
Project("{FAE04EC0-301F-11D3-BF4B-00C04F79EFBC}") = "NETUiHentaiXamarin.iOS", "NETUiHentaiXamarin\NETUiHentaiXamarin.iOS\NETUiHentaiXamarin.iOS.csproj", "{2590C4E6-3B92-4E25-A6A3-963BA86BDE02}"
EndProject
Project("{FAE04EC0-301F-11D3-BF4B-00C04F79EFBC}") = "NETUiHentaiXamarin", "NETUiHentaiXamarin\NETUiHentaiXamarin\NETUiHentaiXamarin.csproj", "{F2D143F7-A20D-4E67-8317-B5EC21683264}"
EndProject
Global
	GlobalSection(SolutionConfigurationPlatforms) = preSolution
		Debug|Any CPU = Debug|Any CPU
		Debug|ARM = Debug|ARM
		Debug|iPhone = Debug|iPhone
		Debug|iPhoneSimulator = Debug|iPhoneSimulator
		Debug|x64 = Debug|x64
		Debug|x86 = Debug|x86
		Release|Any CPU = Release|Any CPU
		Release|ARM = Release|ARM
		Release|iPhone = Release|iPhone
		Release|iPhoneSimulator = Release|iPhoneSimulator
		Release|x64 = Release|x64
		Release|x86 = Release|x86
	EndGlobalSection
	GlobalSection(ProjectConfigurationPlatforms) = postSolution
		{BAF805C2-C77F-4C09-B262-BF35C2DAA257}.Debug|Any CPU.ActiveCfg = Debug|x64
		{BAF805C2-C77F-4C09-B262-BF35C2DAA257}.Debug|Any CPU.Build.0 = Debug|x64
		{BAF805C2-C77F-4C09-B262-BF35C2DAA257}.Debug|Any CPU.Deploy.0 = Debug|x64
		{BAF805C2-C77F-4C09-B262-BF35C2DAA257}.Debug|ARM.ActiveCfg = Debug|ARM
		{BAF805C2-C77F-4C09-B262-BF35C2DAA257}.Debug|ARM.Build.0 = Debug|ARM
		{BAF805C2-C77F-4C09-B262-BF35C2DAA257}.Debug|ARM.Deploy.0 = Debug|ARM
		{BAF805C2-C77F-4C09-B262-BF35C2DAA257}.Debug|iPhone.ActiveCfg = Debug|x64
		{BAF805C2-C77F-4C09-B262-BF35C2DAA257}.Debug|iPhone.Build.0 = Debug|x64
		{BAF805C2-C77F-4C09-B262-BF35C2DAA257}.Debug|iPhone.Deploy.0 = Debug|x64
		{BAF805C2-C77F-4C09-B262-BF35C2DAA257}.Debug|iPhoneSimulator.ActiveCfg = Debug|x64
		{BAF805C2-C77F-4C09-B262-BF35C2DAA257}.Debug|iPhoneSimulator.Build.0 = Debug|x64
		{BAF805C2-C77F-4C09-B262-BF35C2DAA257}.Debug|iPhoneSimulator.Deploy.0 = Debug|x64
		{BAF805C2-C77F-4C09-B262-BF35C2DAA257}.Debug|x64.ActiveCfg = Debug|x64
		{BAF805C2-C77F-4C09-B262-BF35C2DAA257}.Debug|x64.Build.0 = Debug|x64
		{BAF805C2-C77F-4C09-B262-BF35C2DAA257}.Debug|x64.Deploy.0 = Debug|x64
		{BAF805C2-C77F-4C09-B262-BF35C2DAA257}.Debug|x86.ActiveCfg = Debug|x86
		{BAF805C2-C77F-4C09-B262-BF35C2DAA257}.Debug|x86.Build.0 = Debug|x86
		{BAF805C2-C77F-4C09-B262-BF35C2DAA257}.Debug|x86.Deploy.0 = Debug|x86
		{BAF805C2-C77F-4C09-B262-BF35C2DAA257}.Release|Any CPU.ActiveCfg = Release|x64
		{BAF805C2-C77F-4C09-B262-BF35C2DAA257}.Release|Any CPU.Build.0 = Release|x64
		{BAF805C2-C77F-4C09-B262-BF35C2DAA257}.Release|Any CPU.Deploy.0 = Release|x64
		{BAF805C2-C77F-4C09-B262-BF35C2DAA257}.Release|ARM.ActiveCfg = Release|ARM
		{BAF805C2-C77F-4C09-B262-BF35C2DAA257}.Release|ARM.Build.0 = Release|ARM
		{BAF805C2-C77F-4C09-B262-BF35C2DAA257}.Release|ARM.Deploy.0 = Release|ARM
		{BAF805C2-C77F-4C09-B262-BF35C2DAA257}.Release|iPhone.ActiveCfg = Release|x64
		{BAF805C2-C77F-4C09-B262-BF35C2DAA257}.Release|iPhone.Build.0 = Release|x64
		{BAF805C2-C77F-4C09-B262-BF35C2DAA257}.Release|iPhone.Deploy.0 = Release|x64
		{BAF805C2-C77F-4C09-B262-BF35C2DAA257}.Release|iPhoneSimulator.ActiveCfg = Release|x64
		{BAF805C2-C77F-4C09-B262-BF35C2DAA257}.Release|iPhoneSimulator.Build.0 = Release|x64
		{BAF805C2-C77F-4C09-B262-BF35C2DAA257}.Release|iPhoneSimulator.Deploy.0 = Release|x64
		{BAF805C2-C77F-4C09-B262-BF35C2DAA257}.Release|x64.ActiveCfg = Release|x64
		{BAF805C2-C77F-4C09-B262-BF35C2DAA257}.Release|x64.Build.0 = Release|x64
		{BAF805C2-C77F-4C09-B262-BF35C2DAA257}.Release|x64.Deploy.0 = Release|x64
		{BAF805C2-C77F-4C09-B262-BF35C2DAA257}.Release|x86.ActiveCfg = Release|x86
		{BAF805C2-C77F-4C09-B262-BF35C2DAA257}.Release|x86.Build.0 = Release|x86
		{BAF805C2-C77F-4C09-B262-BF35C2DAA257}.Release|x86.Deploy.0 = Release|x86
		{E94B91D6-2F97-4595-A093-4C7EA56B974F}.Debug|Any CPU.ActiveCfg = Debug|Any CPU
		{E94B91D6-2F97-4595-A093-4C7EA56B974F}.Debug|Any CPU.Build.0 = Debug|Any CPU
		{E94B91D6-2F97-4595-A093-4C7EA56B974F}.Debug|Any CPU.Deploy.0 = Debug|Any CPU
		{E94B91D6-2F97-4595-A093-4C7EA56B974F}.Debug|ARM.ActiveCfg = Debug|Any CPU
		{E94B91D6-2F97-4595-A093-4C7EA56B974F}.Debug|ARM.Build.0 = Debug|Any CPU
		{E94B91D6-2F97-4595-A093-4C7EA56B974F}.Debug|ARM.Deploy.0 = Debug|Any CPU
		{E94B91D6-2F97-4595-A093-4C7EA56B974F}.Debug|iPhone.ActiveCfg = Debug|Any CPU
		{E94B91D6-2F97-4595-A093-4C7EA56B974F}.Debug|iPhone.Build.0 = Debug|Any CPU
		{E94B91D6-2F97-4595-A093-4C7EA56B974F}.Debug|iPhone.Deploy.0 = Debug|Any CPU
		{E94B91D6-2F97-4595-A093-4C7EA56B974F}.Debug|iPhoneSimulator.ActiveCfg = Debug|Any CPU
		{E94B91D6-2F97-4595-A093-4C7EA56B974F}.Debug|iPhoneSimulator.Build.0 = Debug|Any CPU
		{E94B91D6-2F97-4595-A093-4C7EA56B974F}.Debug|iPhoneSimulator.Deploy.0 = Debug|Any CPU
		{E94B91D6-2F97-4595-A093-4C7EA56B974F}.Debug|x64.ActiveCfg = Debug|Any CPU
		{E94B91D6-2F97-4595-A093-4C7EA56B974F}.Debug|x64.Build.0 = Debug|Any CPU
		{E94B91D6-2F97-4595-A093-4C7EA56B974F}.Debug|x64.Deploy.0 = Debug|Any CPU
		{E94B91D6-2F97-4595-A093-4C7EA56B974F}.Debug|x86.ActiveCfg = Debug|Any CPU
		{E94B91D6-2F97-4595-A093-4C7EA56B974F}.Debug|x86.Build.0 = Debug|Any CPU
		{E94B91D6-2F97-4595-A093-4C7EA56B974F}.Debug|x86.Deploy.0 = Debug|Any CPU
		{E94B91D6-2F97-4595-A093-4C7EA56B974F}.Release|Any CPU.ActiveCfg = Release|Any CPU
		{E94B91D6-2F97-4595-A093-4C7EA56B974F}.Release|Any CPU.Build.0 = Release|Any CPU
		{E94B91D6-2F97-4595-A093-4C7EA56B974F}.Release|Any CPU.Deploy.0 = Release|Any CPU
		{E94B91D6-2F97-4595-A093-4C7EA56B974F}.Release|ARM.ActiveCfg = Release|Any CPU
		{E94B91D6-2F97-4595-A093-4C7EA56B974F}.Release|ARM.Build.0 = Release|Any CPU
		{E94B91D6-2F97-4595-A093-4C7EA56B974F}.Release|ARM.Deploy.0 = Release|Any CPU
		{E94B91D6-2F97-4595-A093-4C7EA56B974F}.Release|iPhone.ActiveCfg = Release|Any CPU
		{E94B91D6-2F97-4595-A093-4C7EA56B974F}.Release|iPhone.Build.0 = Release|Any CPU
		{E94B91D6-2F97-4595-A093-4C7EA56B974F}.Release|iPhone.Deploy.0 = Release|Any CPU
		{E94B91D6-2F97-4595-A093-4C7EA56B974F}.Release|iPhoneSimulator.ActiveCfg = Release|Any CPU
		{E94B91D6-2F97-4595-A093-4C7EA56B974F}.Release|iPhoneSimulator.Build.0 = Release|Any CPU
		{E94B91D6-2F97-4595-A093-4C7EA56B974F}.Release|iPhoneSimulator.Deploy.0 = Release|Any CPU
		{E94B91D6-2F97-4595-A093-4C7EA56B974F}.Release|x64.ActiveCfg = Release|Any CPU
		{E94B91D6-2F97-4595-A093-4C7EA56B974F}.Release|x64.Build.0 = Release|Any CPU
		{E94B91D6-2F97-4595-A093-4C7EA56B974F}.Release|x64.Deploy.0 = Release|Any CPU
		{E94B91D6-2F97-4595-A093-4C7EA56B974F}.Release|x86.ActiveCfg = Release|Any CPU
		{E94B91D6-2F97-4595-A093-4C7EA56B974F}.Release|x86.Build.0 = Release|Any CPU
		{E94B91D6-2F97-4595-A093-4C7EA56B974F}.Release|x86.Deploy.0 = Release|Any CPU
		{2590C4E6-3B92-4E25-A6A3-963BA86BDE02}.Debug|Any CPU.ActiveCfg = Debug|iPhoneSimulator
		{2590C4E6-3B92-4E25-A6A3-963BA86BDE02}.Debug|Any CPU.Build.0 = Debug|iPhoneSimulator
		{2590C4E6-3B92-4E25-A6A3-963BA86BDE02}.Debug|Any CPU.Deploy.0 = Debug|iPhoneSimulator
		{2590C4E6-3B92-4E25-A6A3-963BA86BDE02}.Debug|ARM.ActiveCfg = Debug|iPhoneSimulator
		{2590C4E6-3B92-4E25-A6A3-963BA86BDE02}.Debug|ARM.Build.0 = Debug|iPhoneSimulator
		{2590C4E6-3B92-4E25-A6A3-963BA86BDE02}.Debug|ARM.Deploy.0 = Debug|iPhoneSimulator
		{2590C4E6-3B92-4E25-A6A3-963BA86BDE02}.Debug|iPhone.ActiveCfg = Debug|iPhone
		{2590C4E6-3B92-4E25-A6A3-963BA86BDE02}.Debug|iPhone.Build.0 = Debug|iPhone
		{2590C4E6-3B92-4E25-A6A3-963BA86BDE02}.Debug|iPhone.Deploy.0 = Debug|iPhone
		{2590C4E6-3B92-4E25-A6A3-963BA86BDE02}.Debug|iPhoneSimulator.ActiveCfg = Debug|iPhoneSimulator
		{2590C4E6-3B92-4E25-A6A3-963BA86BDE02}.Debug|iPhoneSimulator.Build.0 = Debug|iPhoneSimulator
		{2590C4E6-3B92-4E25-A6A3-963BA86BDE02}.Debug|iPhoneSimulator.Deploy.0 = Debug|iPhoneSimulator
		{2590C4E6-3B92-4E25-A6A3-963BA86BDE02}.Debug|x64.ActiveCfg = Debug|iPhone
		{2590C4E6-3B92-4E25-A6A3-963BA86BDE02}.Debug|x64.Build.0 = Debug|iPhone
		{2590C4E6-3B92-4E25-A6A3-963BA86BDE02}.Debug|x64.Deploy.0 = Debug|iPhone
		{2590C4E6-3B92-4E25-A6A3-963BA86BDE02}.Debug|x86.ActiveCfg = Debug|iPhoneSimulator
		{2590C4E6-3B92-4E25-A6A3-963BA86BDE02}.Debug|x86.Build.0 = Debug|iPhoneSimulator
		{2590C4E6-3B92-4E25-A6A3-963BA86BDE02}.Debug|x86.Deploy.0 = Debug|iPhoneSimulator
		{2590C4E6-3B92-4E25-A6A3-963BA86BDE02}.Release|Any CPU.ActiveCfg = Release|iPhoneSimulator
		{2590C4E6-3B92-4E25-A6A3-963BA86BDE02}.Release|Any CPU.Build.0 = Release|iPhoneSimulator
		{2590C4E6-3B92-4E25-A6A3-963BA86BDE02}.Release|Any CPU.Deploy.0 = Release|iPhoneSimulator
		{2590C4E6-3B92-4E25-A6A3-963BA86BDE02}.Release|ARM.ActiveCfg = Release|iPhoneSimulator
		{2590C4E6-3B92-4E25-A6A3-963BA86BDE02}.Release|ARM.Build.0 = Release|iPhoneSimulator
		{2590C4E6-3B92-4E25-A6A3-963BA86BDE02}.Release|ARM.Deploy.0 = Release|iPhoneSimulator
		{2590C4E6-3B92-4E25-A6A3-963BA86BDE02}.Release|iPhone.ActiveCfg = Release|iPhone
		{2590C4E6-3B92-4E25-A6A3-963BA86BDE02}.Release|iPhone.Build.0 = Release|iPhone
		{2590C4E6-3B92-4E25-A6A3-963BA86BDE02}.Release|iPhone.Deploy.0 = Release|iPhone
		{2590C4E6-3B92-4E25-A6A3-963BA86BDE02}.Release|iPhoneSimulator.ActiveCfg = Release|iPhoneSimulator
		{2590C4E6-3B92-4E25-A6A3-963BA86BDE02}.Release|iPhoneSimulator.Build.0 = Release|iPhoneSimulator
		{2590C4E6-3B92-4E25-A6A3-963BA86BDE02}.Release|iPhoneSimulator.Deploy.0 = Release|iPhoneSimulator
		{2590C4E6-3B92-4E25-A6A3-963BA86BDE02}.Release|x64.ActiveCfg = Release|iPhoneSimulator
		{2590C4E6-3B92-4E25-A6A3-963BA86BDE02}.Release|x64.Build.0 = Release|iPhoneSimulator
		{2590C4E6-3B92-4E25-A6A3-963BA86BDE02}.Release|x64.Deploy.0 = Release|iPhoneSimulator
		{2590C4E6-3B92-4E25-A6A3-963BA86BDE02}.Release|x86.ActiveCfg = Release|iPhoneSimulator
		{2590C4E6-3B92-4E25-A6A3-963BA86BDE02}.Release|x86.Build.0 = Release|iPhoneSimulator
		{2590C4E6-3B92-4E25-A6A3-963BA86BDE02}.Release|x86.Deploy.0 = Release|iPhoneSimulator
		{F2D143F7-A20D-4E67-8317-B5EC21683264}.Debug|Any CPU.ActiveCfg = Debug|Any CPU
		{F2D143F7-A20D-4E67-8317-B5EC21683264}.Debug|Any CPU.Build.0 = Debug|Any CPU
		{F2D143F7-A20D-4E67-8317-B5EC21683264}.Debug|Any CPU.Deploy.0 = Debug|Any CPU
		{F2D143F7-A20D-4E67-8317-B5EC21683264}.Debug|ARM.ActiveCfg = Debug|Any CPU
		{F2D143F7-A20D-4E67-8317-B5EC21683264}.Debug|ARM.Build.0 = Debug|Any CPU
		{F2D143F7-A20D-4E67-8317-B5EC21683264}.Debug|ARM.Deploy.0 = Debug|Any CPU
		{F2D143F7-A20D-4E67-8317-B5EC21683264}.Debug|iPhone.ActiveCfg = Debug|Any CPU
		{F2D143F7-A20D-4E67-8317-B5EC21683264}.Debug|iPhone.Build.0 = Debug|Any CPU
		{F2D143F7-A20D-4E67-8317-B5EC21683264}.Debug|iPhone.Deploy.0 = Debug|Any CPU
		{F2D143F7-A20D-4E67-8317-B5EC21683264}.Debug|iPhoneSimulator.ActiveCfg = Debug|Any CPU
		{F2D143F7-A20D-4E67-8317-B5EC21683264}.Debug|iPhoneSimulator.Build.0 = Debug|Any CPU
		{F2D143F7-A20D-4E67-8317-B5EC21683264}.Debug|iPhoneSimulator.Deploy.0 = Debug|Any CPU
		{F2D143F7-A20D-4E67-8317-B5EC21683264}.Debug|x64.ActiveCfg = Debug|Any CPU
		{F2D143F7-A20D-4E67-8317-B5EC21683264}.Debug|x64.Build.0 = Debug|Any CPU
		{F2D143F7-A20D-4E67-8317-B5EC21683264}.Debug|x64.Deploy.0 = Debug|Any CPU
		{F2D143F7-A20D-4E67-8317-B5EC21683264}.Debug|x86.ActiveCfg = Debug|Any CPU
		{F2D143F7-A20D-4E67-8317-B5EC21683264}.Debug|x86.Build.0 = Debug|Any CPU
		{F2D143F7-A20D-4E67-8317-B5EC21683264}.Debug|x86.Deploy.0 = Debug|Any CPU
		{F2D143F7-A20D-4E67-8317-B5EC21683264}.Release|Any CPU.ActiveCfg = Release|Any CPU
		{F2D143F7-A20D-4E67-8317-B5EC21683264}.Release|Any CPU.Build.0 = Release|Any CPU
		{F2D143F7-A20D-4E67-8317-B5EC21683264}.Release|Any CPU.Deploy.0 = Release|Any CPU
		{F2D143F7-A20D-4E67-8317-B5EC21683264}.Release|ARM.ActiveCfg = Release|Any CPU
		{F2D143F7-A20D-4E67-8317-B5EC21683264}.Release|ARM.Build.0 = Release|Any CPU
		{F2D143F7-A20D-4E67-8317-B5EC21683264}.Release|ARM.Deploy.0 = Release|Any CPU
		{F2D143F7-A20D-4E67-8317-B5EC21683264}.Release|iPhone.ActiveCfg = Release|Any CPU
		{F2D143F7-A20D-4E67-8317-B5EC21683264}.Release|iPhone.Build.0 = Release|Any CPU
		{F2D143F7-A20D-4E67-8317-B5EC21683264}.Release|iPhone.Deploy.0 = Release|Any CPU
		{F2D143F7-A20D-4E67-8317-B5EC21683264}.Release|iPhoneSimulator.ActiveCfg = Release|Any CPU
		{F2D143F7-A20D-4E67-8317-B5EC21683264}.Release|iPhoneSimulator.Build.0 = Release|Any CPU
		{F2D143F7-A20D-4E67-8317-B5EC21683264}.Release|iPhoneSimulator.Deploy.0 = Release|Any CPU
		{F2D143F7-A20D-4E67-8317-B5EC21683264}.Release|x64.ActiveCfg = Release|Any CPU
		{F2D143F7-A20D-4E67-8317-B5EC21683264}.Release|x64.Build.0 = Release|Any CPU
		{F2D143F7-A20D-4E67-8317-B5EC21683264}.Release|x64.Deploy.0 = Release|Any CPU
		{F2D143F7-A20D-4E67-8317-B5EC21683264}.Release|x86.ActiveCfg = Release|Any CPU
		{F2D143F7-A20D-4E67-8317-B5EC21683264}.Release|x86.Build.0 = Release|Any CPU
		{F2D143F7-A20D-4E67-8317-B5EC21683264}.Release|x86.Deploy.0 = Release|Any CPU
	EndGlobalSection
	GlobalSection(SolutionProperties) = preSolution
		HideSolutionNode = FALSE
	EndGlobalSection
	GlobalSection(ExtensibilityGlobals) = postSolution
		SolutionGuid = {E3156E95-7C33-4885-BCFE-66E0A3AF532B}
	EndGlobalSection
EndGlobal
